
Microsoft Visual Studio Solution File, Format Version 12.00
# Visual Studio 15
VisualStudioVersion = 15.0.27703.2035
MinimumVisualStudioVersion = 10.0.40219.1
Project("{FAE04EC0-301F-11D3-BF4B-00C04F79EFBC}") = "DMU Git Test App", "DMU Git Test App\DMU Git Test App.csproj", "{EE6E3538-5E14-44E2-80B0-C278042687FE}"
EndProject
Global
	GlobalSection(SolutionConfigurationPlatforms) = preSolution
		Debug|Any CPU = Debug|Any CPU
		Release|Any CPU = Release|Any CPU
	EndGlobalSection
	GlobalSection(ProjectConfigurationPlatforms) = postSolution
		{EE6E3538-5E14-44E2-80B0-C278042687FE}.Debug|Any CPU.ActiveCfg = Debug|Any CPU
		{EE6E3538-5E14-44E2-80B0-C278042687FE}.Debug|Any CPU.Build.0 = Debug|Any CPU
		{EE6E3538-5E14-44E2-80B0-C278042687FE}.Release|Any CPU.ActiveCfg = Release|Any CPU
		{EE6E3538-5E14-44E2-80B0-C278042687FE}.Release|Any CPU.Build.0 = Release|Any CPU
	EndGlobalSection
	GlobalSection(SolutionProperties) = preSolution
		HideSolutionNode = FALSE
	EndGlobalSection
	GlobalSection(ExtensibilityGlobals) = postSolution
		SolutionGuid = {2288AD55-CAEE-41C6-8DFD-36AFE420AF9C}
	EndGlobalSection
EndGlobal
